
Microsoft Visual Studio Solution File, Format Version 12.00
# Visual Studio Version 17
VisualStudioVersion = 17.1.32421.90
MinimumVisualStudioVersion = 10.0.40219.1
Project("{9A19103F-16F7-4668-BE54-9A1E7A4F7556}") = "VirtualOffice", "VirtualOffice.csproj", "{317445AA-9B0C-4411-806F-8879AFC9F9EC}"
EndProject
Global
	GlobalSection(SolutionConfigurationPlatforms) = preSolution
		Debug|Any CPU = Debug|Any CPU
		Release|Any CPU = Release|Any CPU
	EndGlobalSection
	GlobalSection(ProjectConfigurationPlatforms) = postSolution
		{317445AA-9B0C-4411-806F-8879AFC9F9EC}.Debug|Any CPU.ActiveCfg = Debug|Any CPU
		{317445AA-9B0C-4411-806F-8879AFC9F9EC}.Debug|Any CPU.Build.0 = Debug|Any CPU
		{317445AA-9B0C-4411-806F-8879AFC9F9EC}.Release|Any CPU.ActiveCfg = Release|Any CPU
		{317445AA-9B0C-4411-806F-8879AFC9F9EC}.Release|Any CPU.Build.0 = Release|Any CPU
	EndGlobalSection
	GlobalSection(SolutionProperties) = preSolution
		HideSolutionNode = FALSE
	EndGlobalSection
	GlobalSection(ExtensibilityGlobals) = postSolution
		SolutionGuid = {E1A76058-07BF-4B5F-A25E-26ED9A9A2DA3}
	EndGlobalSection
EndGlobal
